
Microsoft Visual Studio Solution File, Format Version 12.00
# Visual Studio Version 17
VisualStudioVersion = 17.8.34525.116
MinimumVisualStudioVersion = 10.0.40219.1
Project("{FAE04EC0-301F-11D3-BF4B-00C04F79EFBC}") = "CachingKataAPI", "CachingKataAPI\CachingKataAPI.csproj", "{EBCAE15C-1B7E-4AF0-B468-C79B99119672}"
EndProject
Global
	GlobalSection(SolutionConfigurationPlatforms) = preSolution
		Debug|Any CPU = Debug|Any CPU
		Release|Any CPU = Release|Any CPU
	EndGlobalSection
	GlobalSection(ProjectConfigurationPlatforms) = postSolution
		{EBCAE15C-1B7E-4AF0-B468-C79B99119672}.Debug|Any CPU.ActiveCfg = Debug|Any CPU
		{EBCAE15C-1B7E-4AF0-B468-C79B99119672}.Debug|Any CPU.Build.0 = Debug|Any CPU
		{EBCAE15C-1B7E-4AF0-B468-C79B99119672}.Release|Any CPU.ActiveCfg = Release|Any CPU
		{EBCAE15C-1B7E-4AF0-B468-C79B99119672}.Release|Any CPU.Build.0 = Release|Any CPU
	EndGlobalSection
	GlobalSection(SolutionProperties) = preSolution
		HideSolutionNode = FALSE
	EndGlobalSection
	GlobalSection(ExtensibilityGlobals) = postSolution
		SolutionGuid = {DC51C476-8CD7-4347-8CDF-557DE623FF64}
	EndGlobalSection
EndGlobal
